[[package]]
name = "array-macro"
version = "1.0.0"
source = "registry+https://github.com/rust-lang/crates.io-index"

[[package]]
name = "day11"
version = "0.1.0"
dependencies = [
 "enum-map 0.2.23 (registry+https://github.com/rust-lang/crates.io-index)",
]

[[package]]
name = "enum-map"
version = "0.2.23"
source = "registry+https://github.com/rust-lang/crates.io-index"
dependencies = [
 "array-macro 1.0.0 (registry+https://github.com/rust-lang/crates.io-index)",
 "enum-map-derive 0.2.4 (registry+https://github.com/rust-lang/crates.io-index)",
]

[[package]]
name = "enum-map-derive"
version = "0.2.4"
source = "registry+https://github.com/rust-lang/crates.io-index"
dependencies = [
 "quote 0.3.15 (registry+https://github.com/rust-lang/crates.io-index)",
 "syn 0.11.11 (registry+https://github.com/rust-lang/crates.io-index)",
]

[[package]]
name = "quote"
version = "0.3.15"
source = "registry+https://github.com/rust-lang/crates.io-index"

[[package]]
name = "syn"
version = "0.11.11"
source = "registry+https://github.com/rust-lang/crates.io-index"
dependencies = [
 "quote 0.3.15 (registry+https://github.com/rust-lang/crates.io-index)",
 "synom 0.11.3 (registry+https://github.com/rust-lang/crates.io-index)",
 "unicode-xid 0.0.4 (registry+https://github.com/rust-lang/crates.io-index)",
]

[[package]]
name = "synom"
version = "0.11.3"
source = "registry+https://github.com/rust-lang/crates.io-index"
dependencies = [
 "unicode-xid 0.0.4 (registry+https://github.com/rust-lang/crates.io-index)",
]

[[package]]
name = "unicode-xid"
version = "0.0.4"
source = "registry+https://github.com/rust-lang/crates.io-index"

[metadata]
"checksum array-macro 1.0.0 (registry+https://github.com/rust-lang/crates.io-index)" = "ef56fe44361f5368f5fd663e195b722647b78711f1658d03d1a249dfab93e987"
"checksum enum-map 0.2.23 (registry+https://github.com/rust-lang/crates.io-index)" = "273fca6f74af8d3fdfc42cbbf11b43da5cb4e57ad6d55984f3e850bf20f496c3"
"checksum enum-map-derive 0.2.4 (registry+https://github.com/rust-lang/crates.io-index)" = "1c8517b91ad2572de7964813e4bd0099138330afc0f5b9cb977aeac0b13dc559"
"checksum quote 0.3.15 (registry+https://github.com/rust-lang/crates.io-index)" = "7a6e920b65c65f10b2ae65c831a81a073a89edd28c7cce89475bff467ab4167a"
"checksum syn 0.11.11 (registry+https://github.com/rust-lang/crates.io-index)" = "d3b891b9015c88c576343b9b3e41c2c11a51c219ef067b264bd9c8aa9b441dad"
"checksum synom 0.11.3 (registry+https://github.com/rust-lang/crates.io-index)" = "a393066ed9010ebaed60b9eafa373d4b1baac186dd7e008555b0f702b51945b6"
"checksum unicode-xid 0.0.4 (registry+https://github.com/rust-lang/crates.io-index)" = "8c1f860d7d29cf02cb2f3f359fd35991af3d30bac52c57d265a3c461074cb4dc"
